
Microsoft Visual Studio Solution File, Format Version 12.00
# Visual Studio Version 16
VisualStudioVersion = 16.0.32901.82
MinimumVisualStudioVersion = 10.0.40219.1
Project("{FAE04EC0-301F-11D3-BF4B-00C04F79EFBC}") = "CorpTak", "CorpTak\CorpTak.csproj", "{5D551D92-605B-4692-82EC-A267C0FDA3D9}"
EndProject
Global
	GlobalSection(SolutionConfigurationPlatforms) = preSolution
		Debug|Any CPU = Debug|Any CPU
		Release|Any CPU = Release|Any CPU
	EndGlobalSection
	GlobalSection(ProjectConfigurationPlatforms) = postSolution
		{5D551D92-605B-4692-82EC-A267C0FDA3D9}.Debug|Any CPU.ActiveCfg = Debug|Any CPU
		{5D551D92-605B-4692-82EC-A267C0FDA3D9}.Debug|Any CPU.Build.0 = Debug|Any CPU
		{5D551D92-605B-4692-82EC-A267C0FDA3D9}.Release|Any CPU.ActiveCfg = Release|Any CPU
		{5D551D92-605B-4692-82EC-A267C0FDA3D9}.Release|Any CPU.Build.0 = Release|Any CPU
	EndGlobalSection
	GlobalSection(SolutionProperties) = preSolution
		HideSolutionNode = FALSE
	EndGlobalSection
	GlobalSection(ExtensibilityGlobals) = postSolution
		SolutionGuid = {2ED00F8C-A3DC-4D00-BDA0-AC1EB7F269C5}
	EndGlobalSection
EndGlobal
